{
  "name": "random-phrase-service",
  "version": "0.0.1",
  "lockfileVersion": 2,
  "requires": true,
  "packages": {
    "": {
      "name": "random-phrase-service",
      "version": "0.0.1",
      "license": "UNLICENSED",
      "dependencies": {
        "random-msg": "^1.0.0",
        "random-words": "^1.2.0",
        "topper": "^1.0.1"
      }
    },
    "node_modules/random-msg": {
      "version": "1.0.0",
      "resolved": "https://registry.npmjs.org/random-msg/-/random-msg-1.0.0.tgz",
      "integrity": "sha512-iG6lAIaNvzttGWZP602mYmm44596lxar+k/M5zn3tPDjN4v342M/g0+923zu4acOOeR+xr1WbEUC7s8g7Wdztw==",
      "bin": {
        "random-messages": "bin/global.js"
      }
    },
    "node_modules/random-words": {
      "version": "1.2.0",
      "resolved": "https://registry.npmjs.org/random-words/-/random-words-1.2.0.tgz",
      "integrity": "sha512-YP2bXrT19pxtBh22DK9CLcWsmBjUBAGzw3JWJycTNbXm1+0aS6PrKuAJ9aLT0GGaPlPp9LExfJIMVkzhrDZE6g=="
    },
    "node_modules/topper": {
      "version": "1.0.1",
      "resolved": "https://registry.npmjs.org/topper/-/topper-1.0.1.tgz",
      "integrity": "sha512-A0dEDqIKaMT82Pg9MtUN+tnercifUAy0fh6argLK0r+oB2UnDXf70pDmpySMZt92A6SlyBdwf96lHs/n709NXw=="
    }
  },
  "dependencies": {
    "random-msg": {
      "version": "1.0.0",
      "resolved": "https://registry.npmjs.org/random-msg/-/random-msg-1.0.0.tgz",
      "integrity": "sha512-iG6lAIaNvzttGWZP602mYmm44596lxar+k/M5zn3tPDjN4v342M/g0+923zu4acOOeR+xr1WbEUC7s8g7Wdztw=="
    },
    "random-words": {
      "version": "1.2.0",
      "resolved": "https://registry.npmjs.org/random-words/-/random-words-1.2.0.tgz",
      "integrity": "sha512-YP2bXrT19pxtBh22DK9CLcWsmBjUBAGzw3JWJycTNbXm1+0aS6PrKuAJ9aLT0GGaPlPp9LExfJIMVkzhrDZE6g=="
    },
    "topper": {
      "version": "1.0.1",
      "resolved": "https://registry.npmjs.org/topper/-/topper-1.0.1.tgz",
      "integrity": "sha512-A0dEDqIKaMT82Pg9MtUN+tnercifUAy0fh6argLK0r+oB2UnDXf70pDmpySMZt92A6SlyBdwf96lHs/n709NXw=="
    }
  }
}
